
Microsoft Visual Studio Solution File, Format Version 12.00
# Visual Studio Version 16
VisualStudioVersion = 16.0.31019.35
MinimumVisualStudioVersion = 10.0.40219.1
Project("{2150E333-8FDC-42A3-9474-1A3956D46DE8}") = "src", "src", "{C635B10B-72EF-4CBE-B7A7-4FFBC49B84A0}"
EndProject
Project("{2150E333-8FDC-42A3-9474-1A3956D46DE8}") = "Building Blocks", "Building Blocks", "{41A1FF02-15F4-4CE5-A22E-0A2E3C8969DB}"
EndProject
Project("{2150E333-8FDC-42A3-9474-1A3956D46DE8}") = "Services", "Services", "{28FABD4C-6F7A-4A3F-9B5D-864F17F2E721}"
EndProject
Project("{2150E333-8FDC-42A3-9474-1A3956D46DE8}") = "Web", "Web", "{54382DEC-03B5-4327-8738-2F51268AE9EE}"
EndProject
Project("{2150E333-8FDC-42A3-9474-1A3956D46DE8}") = "Identity", "Identity", "{AB414BDC-CF82-429B-802A-73FEED598BE0}"
EndProject
Project("{9A19103F-16F7-4668-BE54-9A1E7A4F7556}") = "NSE.Identity.API", "src\services\NSE.Identity.API\NSE.Identity.API.csproj", "{F87B05B7-95BA-46D9-8092-65DF405C4C14}"
EndProject
Project("{2150E333-8FDC-42A3-9474-1A3956D46DE8}") = "MVC", "MVC", "{15186C86-7776-49E3-86E7-A45C593A74E8}"
EndProject
Project("{9A19103F-16F7-4668-BE54-9A1E7A4F7556}") = "NSE.WebApp.MVC", "src\web\NSE.WebApp.MVC\NSE.WebApp.MVC.csproj", "{9F2A7D9A-3795-42AE-8CA9-49A95343EE3F}"
EndProject
Project("{2150E333-8FDC-42A3-9474-1A3956D46DE8}") = "Core", "Core", "{B3CD0F63-376D-4719-B913-159ECA6BA562}"
EndProject
Project("{9A19103F-16F7-4668-BE54-9A1E7A4F7556}") = "NSE.Core", "src\building blocks\NSE.Core\NSE.Core.csproj", "{C7EB048E-7056-49A2-9F73-4F5FDB32B937}"
EndProject
Project("{2150E333-8FDC-42A3-9474-1A3956D46DE8}") = "Cart", "Cart", "{BC4E9E63-C330-4D93-BC2F-7449A4FA189B}"
EndProject
Project("{2150E333-8FDC-42A3-9474-1A3956D46DE8}") = "Catalog", "Catalog", "{40B29EFB-65A5-4389-82C7-54F7B45FF6C5}"
EndProject
Project("{2150E333-8FDC-42A3-9474-1A3956D46DE8}") = "Client", "Client", "{DFCB6B79-ACCB-4274-B3BF-08F9A54F4D5E}"
EndProject
Project("{2150E333-8FDC-42A3-9474-1A3956D46DE8}") = "Order", "Order", "{985E1109-675D-4626-8B9E-7F2FD69D0CCD}"
EndProject
Project("{2150E333-8FDC-42A3-9474-1A3956D46DE8}") = "Payment", "Payment", "{77429F44-4CA4-4A17-A75A-D33AB71839B6}"
EndProject
Project("{9A19103F-16F7-4668-BE54-9A1E7A4F7556}") = "NSE.Cart.API", "src\services\NSE.Cart.API\NSE.Cart.API.csproj", "{592656DD-C043-41AD-8328-61F314ED7BD9}"
EndProject
Project("{9A19103F-16F7-4668-BE54-9A1E7A4F7556}") = "NSE.Catalog.API", "src\services\NSE.Catalog.API\NSE.Catalog.API.csproj", "{AF0792BA-7D94-44D3-B2CB-E99CEF895278}"
EndProject
Project("{9A19103F-16F7-4668-BE54-9A1E7A4F7556}") = "NSE.Client.API", "src\services\NSE.Client.API\NSE.Client.API.csproj", "{71E1E859-A647-4972-B5B2-E645364EEB84}"
EndProject
Project("{9A19103F-16F7-4668-BE54-9A1E7A4F7556}") = "NSE.Order.API", "src\services\NSE.Order.API\NSE.Order.API.csproj", "{15A009BE-2BF6-48DD-87BC-AC3162F3B199}"
EndProject
Project("{9A19103F-16F7-4668-BE54-9A1E7A4F7556}") = "NSE.Payment.API", "src\services\NSE.Payment.API\NSE.Payment.API.csproj", "{BF0E4F1D-D622-40C1-A956-440197F7B8B6}"
EndProject
Project("{2150E333-8FDC-42A3-9474-1A3956D46DE8}") = "Services", "Services", "{DF53E556-A49E-44FE-9DDB-69CA514468E4}"
EndProject
Project("{9A19103F-16F7-4668-BE54-9A1E7A4F7556}") = "NSE.WebAPI.Core", "src\building blocks\NSE.WebAPI.Core\NSE.WebAPI.Core.csproj", "{6ADD1515-6BD9-44B4-A782-B99810764D5E}"
EndProject
Project("{2150E333-8FDC-42A3-9474-1A3956D46DE8}") = "MessageBus", "MessageBus", "{1021BC5A-28AC-4C29-81CD-3093C92C51CD}"
EndProject
Project("{9A19103F-16F7-4668-BE54-9A1E7A4F7556}") = "NSE.MessageBus", "src\building blocks\NSE.MessageBus\NSE.MessageBus.csproj", "{3894D7AC-9291-41CA-9453-E377DD8BF790}"
EndProject
Project("{2150E333-8FDC-42A3-9474-1A3956D46DE8}") = "ApiGateways", "ApiGateways", "{A691F95F-BE8C-457D-BF36-8AA7250C599F}"
EndProject
Project("{2150E333-8FDC-42A3-9474-1A3956D46DE8}") = "Purchases", "Purchases", "{9E868423-7494-4D32-A43F-A8A1421E6EE3}"
EndProject
Project("{FAE04EC0-301F-11D3-BF4B-00C04F79EFBC}") = "NSE.BFF.Purchases", "src\api gateways\NSE.BFF.Purchases\NSE.BFF.Purchases.csproj", "{8E8F600F-D7FB-4804-9B9E-1869BAB93F44}"
EndProject
Global
	GlobalSection(SolutionConfigurationPlatforms) = preSolution
		Debug|Any CPU = Debug|Any CPU
		Release|Any CPU = Release|Any CPU
	EndGlobalSection
	GlobalSection(ProjectConfigurationPlatforms) = postSolution
		{F87B05B7-95BA-46D9-8092-65DF405C4C14}.Debug|Any CPU.ActiveCfg = Debug|Any CPU
		{F87B05B7-95BA-46D9-8092-65DF405C4C14}.Debug|Any CPU.Build.0 = Debug|Any CPU
		{F87B05B7-95BA-46D9-8092-65DF405C4C14}.Release|Any CPU.ActiveCfg = Release|Any CPU
		{F87B05B7-95BA-46D9-8092-65DF405C4C14}.Release|Any CPU.Build.0 = Release|Any CPU
		{9F2A7D9A-3795-42AE-8CA9-49A95343EE3F}.Debug|Any CPU.ActiveCfg = Debug|Any CPU
		{9F2A7D9A-3795-42AE-8CA9-49A95343EE3F}.Debug|Any CPU.Build.0 = Debug|Any CPU
		{9F2A7D9A-3795-42AE-8CA9-49A95343EE3F}.Release|Any CPU.ActiveCfg = Release|Any CPU
		{9F2A7D9A-3795-42AE-8CA9-49A95343EE3F}.Release|Any CPU.Build.0 = Release|Any CPU
		{C7EB048E-7056-49A2-9F73-4F5FDB32B937}.Debug|Any CPU.ActiveCfg = Debug|Any CPU
		{C7EB048E-7056-49A2-9F73-4F5FDB32B937}.Debug|Any CPU.Build.0 = Debug|Any CPU
		{C7EB048E-7056-49A2-9F73-4F5FDB32B937}.Release|Any CPU.ActiveCfg = Release|Any CPU
		{C7EB048E-7056-49A2-9F73-4F5FDB32B937}.Release|Any CPU.Build.0 = Release|Any CPU
		{592656DD-C043-41AD-8328-61F314ED7BD9}.Debug|Any CPU.ActiveCfg = Debug|Any CPU
		{592656DD-C043-41AD-8328-61F314ED7BD9}.Debug|Any CPU.Build.0 = Debug|Any CPU
		{592656DD-C043-41AD-8328-61F314ED7BD9}.Release|Any CPU.ActiveCfg = Release|Any CPU
		{592656DD-C043-41AD-8328-61F314ED7BD9}.Release|Any CPU.Build.0 = Release|Any CPU
		{AF0792BA-7D94-44D3-B2CB-E99CEF895278}.Debug|Any CPU.ActiveCfg = Debug|Any CPU
		{AF0792BA-7D94-44D3-B2CB-E99CEF895278}.Debug|Any CPU.Build.0 = Debug|Any CPU
		{AF0792BA-7D94-44D3-B2CB-E99CEF895278}.Release|Any CPU.ActiveCfg = Release|Any CPU
		{AF0792BA-7D94-44D3-B2CB-E99CEF895278}.Release|Any CPU.Build.0 = Release|Any CPU
		{71E1E859-A647-4972-B5B2-E645364EEB84}.Debug|Any CPU.ActiveCfg = Debug|Any CPU
		{71E1E859-A647-4972-B5B2-E645364EEB84}.Debug|Any CPU.Build.0 = Debug|Any CPU
		{71E1E859-A647-4972-B5B2-E645364EEB84}.Release|Any CPU.ActiveCfg = Release|Any CPU
		{71E1E859-A647-4972-B5B2-E645364EEB84}.Release|Any CPU.Build.0 = Release|Any CPU
		{15A009BE-2BF6-48DD-87BC-AC3162F3B199}.Debug|Any CPU.ActiveCfg = Debug|Any CPU
		{15A009BE-2BF6-48DD-87BC-AC3162F3B199}.Debug|Any CPU.Build.0 = Debug|Any CPU
		{15A009BE-2BF6-48DD-87BC-AC3162F3B199}.Release|Any CPU.ActiveCfg = Release|Any CPU
		{15A009BE-2BF6-48DD-87BC-AC3162F3B199}.Release|Any CPU.Build.0 = Release|Any CPU
		{BF0E4F1D-D622-40C1-A956-440197F7B8B6}.Debug|Any CPU.ActiveCfg = Debug|Any CPU
		{BF0E4F1D-D622-40C1-A956-440197F7B8B6}.Debug|Any CPU.Build.0 = Debug|Any CPU
		{BF0E4F1D-D622-40C1-A956-440197F7B8B6}.Release|Any CPU.ActiveCfg = Release|Any CPU
		{BF0E4F1D-D622-40C1-A956-440197F7B8B6}.Release|Any CPU.Build.0 = Release|Any CPU
		{6ADD1515-6BD9-44B4-A782-B99810764D5E}.Debug|Any CPU.ActiveCfg = Debug|Any CPU
		{6ADD1515-6BD9-44B4-A782-B99810764D5E}.Debug|Any CPU.Build.0 = Debug|Any CPU
		{6ADD1515-6BD9-44B4-A782-B99810764D5E}.Release|Any CPU.ActiveCfg = Release|Any CPU
		{6ADD1515-6BD9-44B4-A782-B99810764D5E}.Release|Any CPU.Build.0 = Release|Any CPU
		{3894D7AC-9291-41CA-9453-E377DD8BF790}.Debug|Any CPU.ActiveCfg = Debug|Any CPU
		{3894D7AC-9291-41CA-9453-E377DD8BF790}.Debug|Any CPU.Build.0 = Debug|Any CPU
		{3894D7AC-9291-41CA-9453-E377DD8BF790}.Release|Any CPU.ActiveCfg = Release|Any CPU
		{3894D7AC-9291-41CA-9453-E377DD8BF790}.Release|Any CPU.Build.0 = Release|Any CPU
		{8E8F600F-D7FB-4804-9B9E-1869BAB93F44}.Debug|Any CPU.ActiveCfg = Debug|Any CPU
		{8E8F600F-D7FB-4804-9B9E-1869BAB93F44}.Debug|Any CPU.Build.0 = Debug|Any CPU
		{8E8F600F-D7FB-4804-9B9E-1869BAB93F44}.Release|Any CPU.ActiveCfg = Release|Any CPU
		{8E8F600F-D7FB-4804-9B9E-1869BAB93F44}.Release|Any CPU.Build.0 = Release|Any CPU
	EndGlobalSection
	GlobalSection(SolutionProperties) = preSolution
		HideSolutionNode = FALSE
	EndGlobalSection
	GlobalSection(NestedProjects) = preSolution
		{41A1FF02-15F4-4CE5-A22E-0A2E3C8969DB} = {C635B10B-72EF-4CBE-B7A7-4FFBC49B84A0}
		{28FABD4C-6F7A-4A3F-9B5D-864F17F2E721} = {C635B10B-72EF-4CBE-B7A7-4FFBC49B84A0}
		{54382DEC-03B5-4327-8738-2F51268AE9EE} = {C635B10B-72EF-4CBE-B7A7-4FFBC49B84A0}
		{AB414BDC-CF82-429B-802A-73FEED598BE0} = {28FABD4C-6F7A-4A3F-9B5D-864F17F2E721}
		{F87B05B7-95BA-46D9-8092-65DF405C4C14} = {AB414BDC-CF82-429B-802A-73FEED598BE0}
		{15186C86-7776-49E3-86E7-A45C593A74E8} = {54382DEC-03B5-4327-8738-2F51268AE9EE}
		{9F2A7D9A-3795-42AE-8CA9-49A95343EE3F} = {15186C86-7776-49E3-86E7-A45C593A74E8}
		{B3CD0F63-376D-4719-B913-159ECA6BA562} = {41A1FF02-15F4-4CE5-A22E-0A2E3C8969DB}
		{C7EB048E-7056-49A2-9F73-4F5FDB32B937} = {B3CD0F63-376D-4719-B913-159ECA6BA562}
		{BC4E9E63-C330-4D93-BC2F-7449A4FA189B} = {28FABD4C-6F7A-4A3F-9B5D-864F17F2E721}
		{40B29EFB-65A5-4389-82C7-54F7B45FF6C5} = {28FABD4C-6F7A-4A3F-9B5D-864F17F2E721}
		{DFCB6B79-ACCB-4274-B3BF-08F9A54F4D5E} = {28FABD4C-6F7A-4A3F-9B5D-864F17F2E721}
		{985E1109-675D-4626-8B9E-7F2FD69D0CCD} = {28FABD4C-6F7A-4A3F-9B5D-864F17F2E721}
		{77429F44-4CA4-4A17-A75A-D33AB71839B6} = {28FABD4C-6F7A-4A3F-9B5D-864F17F2E721}
		{592656DD-C043-41AD-8328-61F314ED7BD9} = {BC4E9E63-C330-4D93-BC2F-7449A4FA189B}
		{AF0792BA-7D94-44D3-B2CB-E99CEF895278} = {40B29EFB-65A5-4389-82C7-54F7B45FF6C5}
		{71E1E859-A647-4972-B5B2-E645364EEB84} = {DFCB6B79-ACCB-4274-B3BF-08F9A54F4D5E}
		{15A009BE-2BF6-48DD-87BC-AC3162F3B199} = {985E1109-675D-4626-8B9E-7F2FD69D0CCD}
		{BF0E4F1D-D622-40C1-A956-440197F7B8B6} = {77429F44-4CA4-4A17-A75A-D33AB71839B6}
		{DF53E556-A49E-44FE-9DDB-69CA514468E4} = {41A1FF02-15F4-4CE5-A22E-0A2E3C8969DB}
		{6ADD1515-6BD9-44B4-A782-B99810764D5E} = {DF53E556-A49E-44FE-9DDB-69CA514468E4}
		{1021BC5A-28AC-4C29-81CD-3093C92C51CD} = {41A1FF02-15F4-4CE5-A22E-0A2E3C8969DB}
		{3894D7AC-9291-41CA-9453-E377DD8BF790} = {1021BC5A-28AC-4C29-81CD-3093C92C51CD}
		{A691F95F-BE8C-457D-BF36-8AA7250C599F} = {C635B10B-72EF-4CBE-B7A7-4FFBC49B84A0}
		{9E868423-7494-4D32-A43F-A8A1421E6EE3} = {A691F95F-BE8C-457D-BF36-8AA7250C599F}
		{8E8F600F-D7FB-4804-9B9E-1869BAB93F44} = {9E868423-7494-4D32-A43F-A8A1421E6EE3}
	EndGlobalSection
	GlobalSection(ExtensibilityGlobals) = postSolution
		SolutionGuid = {C434AA0B-AFF9-4D18-9AD8-FBB5937B1F63}
	EndGlobalSection
EndGlobal
